{
  "object": {
    "pins": [
      {
        "package": "swift-nio",
        "repositoryURL": "https://github.com/apple/swift-nio.git",
        "state": {
          "branch": null,
          "revision": "7f20464df31e85f86bedf4a8afdd1785e0cb5059",
          "version": "2.3.0"
        }
      },
      {
        "package": "swift-nio-http-client",
        "repositoryURL": "https://github.com/vapor/swift-nio-http-client.git",
        "state": {
          "branch": null,
          "revision": "93682abeb568b3df47f0744558c4436bb325f860",
          "version": "0.0.0"
        }
      },
      {
        "package": "swift-nio-ssl",
        "repositoryURL": "https://github.com/apple/swift-nio-ssl.git",
        "state": {
          "branch": null,
          "revision": "77173ac9038e8e9b92f3efe8780923447e3c890b",
          "version": "2.1.1"
        }
      }
    ]
  },
  "version": 1
}
